{
  "05_uiux/contracts/analyses.sample.v1.json": "3afaf8b08ba2c9f4",
  "05_uiux/contracts/analyses.sample.v2.json": "47d6abfba3e279d5",
  "05_uiux/contracts/analyses.sample.v3.json": "70eff97f6ecc6a79",
  "05_uiux/contracts/analyses.sample.v4.json": "b34a2c7462aa57fc",
  "05_uiux/contracts/analyses.sample.v5.json": "4076307c4fd69599",
  "05_uiux/contracts/artifact.sample.v1.json": "770931e61ee9c15f",
  "05_uiux/contracts/artifact.sample.v2.json": "e20021cca69e299c",
  "05_uiux/contracts/chart-palette.json": "74e867c3dee849e7",
  "05_uiux/contracts/chatbot.sample.v1.json": "908fcfd4e13c7fe7",
  "05_uiux/contracts/chatbot.sample.v2.json": "0bbca74d3b5f5f71",
  "05_uiux/contracts/chungcat.sample.v1.json": "11d8e4ec5f31c505",
  "05_uiux/contracts/chungcat.sample.v2.json": "77826ff0f10dee7b",
  "05_uiux/contracts/contrast-audit.json": "f6621743efdc3512",
  "05_uiux/contracts/kenh.sample.v1.json": "715044cc1d4a331f",
  "05_uiux/contracts/kenh.sample.v2.json": "313d8206459220ef",
  "05_uiux/contracts/truyhoi.sample.v1.json": "894c943b37e9f22b",
  "05_uiux/contracts/truyhoi.sample.v2.json": "d2549f5f8ea705c9",
  "05_uiux/contracts/truyhoi.sample.v3.json": "029f9297720292c2",
  "06_modules/M01_core/spec.md": "c12c5677a650721c",
  "06_modules/M02_kb/spec.md": "e8addbf6dbeff741",
  "06_modules/M03_web/spec.md": "a5e0cddb625e0c48",
  "06_modules/M04_ci/spec.md": "2ac3f4b960839769",
  "06_modules/M05_intake/spec.md": "68ab5afcd7b05bb4",
  "06_modules/M06_skillgen/spec.md": "3e1ee0b9a3496bfd",
  "06_modules/M07_curate/spec.md": "458c03efe593ebf4",
  "06_modules/M08_api/spec.md": "0f3410c1bc863a11",
  "06_modules/M09_thuvien/spec.md": "95e903d8a8685653",
  "06_modules/M10_tailieu/spec.md": "6b258be822e9a637",
  "06_modules/M11_video/spec.md": "3b97fd60e18a4fb4",
  "06_modules/M12_chungcat/spec.md": "94ce44c297d9ca16",
  "06_modules/M13_truyhoi/spec.md": "1a52f722e41e96fe",
  "06_modules/M14_chatbot/spec.md": "0b617eb4fc8eacde",
  "06_modules/M15_kenh/spec.md": "a83ec5f6b488949a",
  "06_modules/M16_artifact/spec.md": "46a61e4a681f1747",
  "06_modules/M17_cong/spec.md": "846389260b22f713",
  "06_modules/M18_nguoidung/spec.md": "544a15db4427f8cc",
  "06_modules/M01_core/rules.md": "906cb37d42bc1bd8",
  "06_modules/M02_kb/rules.md": "9137e6ac38d9ff9a",
  "06_modules/M03_web/rules.md": "da8bf3635582c433",
  "06_modules/M04_ci/rules.md": "08ad7efa0bf55e69",
  "06_modules/M05_intake/rules.md": "f3aea7bd137463fa",
  "06_modules/M06_skillgen/rules.md": "f1e988f34fa92088",
  "06_modules/M07_curate/rules.md": "8ea3a0aaa2c82953",
  "06_modules/M08_api/rules.md": "164ea8d80caae6bc",
  "06_modules/M09_thuvien/rules.md": "5e919c4d88f0fca9",
  "06_modules/M10_tailieu/rules.md": "5219447e599e28fd",
  "06_modules/M11_video/rules.md": "e47908351602131d",
  "06_modules/M12_chungcat/rules.md": "0e87ef101e7ab798",
  "06_modules/M13_truyhoi/rules.md": "5e02045f2ed7ae5e",
  "06_modules/M14_chatbot/rules.md": "eda3e6aa565a1b4a",
  "06_modules/M15_kenh/rules.md": "24f883d8084b425c",
  "06_modules/M16_artifact/rules.md": "3a0d95da88cf65b8",
  "06_modules/M17_cong/rules.md": "0565fb0541b14bf7",
  "06_modules/M18_nguoidung/rules.md": "484f847f7cbd88bb",
  "core/assets/frontmatter.schema.json": "9e560204714667e5",
  ".githooks/pre-commit": "6816560479d9d3ce",
  ".githooks/test-hook.sh": "4007d7738af7e1b9"
}
